
Microsoft Visual Studio Solution File, Format Version 12.00
# Visual Studio 2015
Project("{FAE04EC0-301F-11D3-BF4B-00C04F79EFBC}") = "RPG_GAME.CSharp", "RPG_GAME.CSharp.csproj", "{55442CBF-8254-3AE9-EC25-CAB6B80B4A7D}"
EndProject
Global
	GlobalSection(SolutionConfigurationPlatforms) = preSolution
		Debug|Any CPU = Debug|Any CPU
		Release|Any CPU = Release|Any CPU
	EndGlobalSection
	GlobalSection(ProjectConfigurationPlatforms) = postSolution
		{55442CBF-8254-3AE9-EC25-CAB6B80B4A7D}.Debug|Any CPU.ActiveCfg = Debug|Any CPU
		{55442CBF-8254-3AE9-EC25-CAB6B80B4A7D}.Debug|Any CPU.Build.0 = Debug|Any CPU
		{55442CBF-8254-3AE9-EC25-CAB6B80B4A7D}.Release|Any CPU.ActiveCfg = Release|Any CPU
		{55442CBF-8254-3AE9-EC25-CAB6B80B4A7D}.Release|Any CPU.Build.0 = Release|Any CPU
	EndGlobalSection
	GlobalSection(SolutionProperties) = preSolution
		HideSolutionNode = FALSE
	EndGlobalSection
EndGlobal
